
Microsoft Visual Studio Solution File, Format Version 12.00
Project("{F2A71F9B-5D33-465A-A702-920D77279786}") = "FunctionalUsersAwards.ConsoleUI", "FunctionalUsersAwards.ConsoleUI\FunctionalUsersAwards.ConsoleUI.fsproj", "{77F0E2B8-D471-4563-BBDD-F072C3AAD830}"
EndProject
Project("{F2A71F9B-5D33-465A-A702-920D77279786}") = "FunctionalUsersAwards.Domain", "FunctionalUsersAwards.Domain\FunctionalUsersAwards.Domain.fsproj", "{7EEAC556-E31E-4CAC-9DFC-E277887BB57C}"
EndProject
Project("{F2A71F9B-5D33-465A-A702-920D77279786}") = "FunctionalUsersAwards.DI", "FunctionalUsersAwards.DI\FunctionalUsersAwards.DI.fsproj", "{737B8518-C245-4354-8D9C-F4C747AA66EA}"
EndProject
Project("{F2A71F9B-5D33-465A-A702-920D77279786}") = "FunctionalUsersAwards.Logic", "FunctionalUsersAwards.Logic\FunctionalUsersAwards.Logic.fsproj", "{3339A32E-CB5B-4D1A-A40C-E592CEC9A128}"
EndProject
Global
	GlobalSection(SolutionConfigurationPlatforms) = preSolution
		Debug|Any CPU = Debug|Any CPU
		Release|Any CPU = Release|Any CPU
	EndGlobalSection
	GlobalSection(ProjectConfigurationPlatforms) = postSolution
		{77F0E2B8-D471-4563-BBDD-F072C3AAD830}.Debug|Any CPU.ActiveCfg = Debug|Any CPU
		{77F0E2B8-D471-4563-BBDD-F072C3AAD830}.Debug|Any CPU.Build.0 = Debug|Any CPU
		{77F0E2B8-D471-4563-BBDD-F072C3AAD830}.Release|Any CPU.ActiveCfg = Release|Any CPU
		{77F0E2B8-D471-4563-BBDD-F072C3AAD830}.Release|Any CPU.Build.0 = Release|Any CPU
		{7EEAC556-E31E-4CAC-9DFC-E277887BB57C}.Debug|Any CPU.ActiveCfg = Debug|Any CPU
		{7EEAC556-E31E-4CAC-9DFC-E277887BB57C}.Debug|Any CPU.Build.0 = Debug|Any CPU
		{7EEAC556-E31E-4CAC-9DFC-E277887BB57C}.Release|Any CPU.ActiveCfg = Release|Any CPU
		{7EEAC556-E31E-4CAC-9DFC-E277887BB57C}.Release|Any CPU.Build.0 = Release|Any CPU
		{737B8518-C245-4354-8D9C-F4C747AA66EA}.Debug|Any CPU.ActiveCfg = Debug|Any CPU
		{737B8518-C245-4354-8D9C-F4C747AA66EA}.Debug|Any CPU.Build.0 = Debug|Any CPU
		{737B8518-C245-4354-8D9C-F4C747AA66EA}.Release|Any CPU.ActiveCfg = Release|Any CPU
		{737B8518-C245-4354-8D9C-F4C747AA66EA}.Release|Any CPU.Build.0 = Release|Any CPU
		{3339A32E-CB5B-4D1A-A40C-E592CEC9A128}.Debug|Any CPU.ActiveCfg = Debug|Any CPU
		{3339A32E-CB5B-4D1A-A40C-E592CEC9A128}.Debug|Any CPU.Build.0 = Debug|Any CPU
		{3339A32E-CB5B-4D1A-A40C-E592CEC9A128}.Release|Any CPU.ActiveCfg = Release|Any CPU
		{3339A32E-CB5B-4D1A-A40C-E592CEC9A128}.Release|Any CPU.Build.0 = Release|Any CPU
	EndGlobalSection
EndGlobal
