
Microsoft Visual Studio Solution File, Format Version 12.00
Project("{F2A71F9B-5D33-465A-A702-920D77279786}") = "FunctionalUsersAwards.ConsoleUI", "FunctionalUsersAwards.ConsoleUI\FunctionalUsersAwards.ConsoleUI.fsproj", "{77F0E2B8-D471-4563-BBDD-F072C3AAD830}"
EndProject
Global
	GlobalSection(SolutionConfigurationPlatforms) = preSolution
		Debug|Any CPU = Debug|Any CPU
		Release|Any CPU = Release|Any CPU
	EndGlobalSection
	GlobalSection(ProjectConfigurationPlatforms) = postSolution
		{77F0E2B8-D471-4563-BBDD-F072C3AAD830}.Debug|Any CPU.ActiveCfg = Debug|Any CPU
		{77F0E2B8-D471-4563-BBDD-F072C3AAD830}.Debug|Any CPU.Build.0 = Debug|Any CPU
		{77F0E2B8-D471-4563-BBDD-F072C3AAD830}.Release|Any CPU.ActiveCfg = Release|Any CPU
		{77F0E2B8-D471-4563-BBDD-F072C3AAD830}.Release|Any CPU.Build.0 = Release|Any CPU
	EndGlobalSection
EndGlobal
