
Microsoft Visual Studio Solution File, Format Version 12.00
Project("{F2A71F9B-5D33-465A-A702-920D77279786}") = "FunctionalUsersAwards.ConsoleUI", "FunctionalUsersAwards.ConsoleUI\FunctionalUsersAwards.ConsoleUI.fsproj", "{77F0E2B8-D471-4563-BBDD-F072C3AAD830}"
EndProject
Project("{F2A71F9B-5D33-465A-A702-920D77279786}") = "FunctionalUsersAwards.Domain", "FunctionalUsersAwards.Domain\FunctionalUsersAwards.Domain.fsproj", "{7EEAC556-E31E-4CAC-9DFC-E277887BB57C}"
EndProject
Project("{F2A71F9B-5D33-465A-A702-920D77279786}") = "FunctionalUsersAwards.DI", "FunctionalUsersAwards.DI\FunctionalUsersAwards.DI.fsproj", "{737B8518-C245-4354-8D9C-F4C747AA66EA}"
EndProject
Project("{F2A71F9B-5D33-465A-A702-920D77279786}") = "FunctionalUsersAwards.Logic", "FunctionalUsersAwards.Logic\FunctionalUsersAwards.Logic.fsproj", "{3339A32E-CB5B-4D1A-A40C-E592CEC9A128}"
EndProject
Project("{F2A71F9B-5D33-465A-A702-920D77279786}") = "FunctionalUsersAwards.InMemoryDataSource", "FunctionalUsersAwards.InMemoryDataSource\FunctionalUsersAwards.InMemoryDataSource.fsproj", "{E3DCC9D1-7F74-46A3-9C1B-13096331222B}"
EndProject
Project("{F2A71F9B-5D33-465A-A702-920D77279786}") = "FunctionalUsersAwards.RestUI", "FunctionalUsersAwards.RestUI\FunctionalUsersAwards.RestUI.fsproj", "{4D9367A1-B630-45A7-BBB3-C7DB0F27177F}"
EndProject
Project("{FAE04EC0-301F-11D3-BF4B-00C04F79EFBC}") = "FunctionalUsersAwards.EfContext", "FunctionalUsersAwards.EfContext\FunctionalUsersAwards.EfContext.csproj", "{6C2E0E98-378E-430E-8FED-AC69DC04EE90}"
EndProject
Project("{FAE04EC0-301F-11D3-BF4B-00C04F79EFBC}") = "FunctionalUsersAwards.EfMigrations", "FunctionalUsersAwards.EfMigrations\FunctionalUsersAwards.EfMigrations.csproj", "{186C0776-88F9-4C9A-82FE-CB13A48CC36C}"
EndProject
Project("{F2A71F9B-5D33-465A-A702-920D77279786}") = "FunctionalUsersAwards.EfDataSource", "FunctionalUsersAwards.EfDataSource\FunctionalUsersAwards.EfDataSource.fsproj", "{F9EEB128-ED88-48F4-8031-0333226B0B7C}"
EndProject
Global
	GlobalSection(SolutionConfigurationPlatforms) = preSolution
		Debug|Any CPU = Debug|Any CPU
		Release|Any CPU = Release|Any CPU
	EndGlobalSection
	GlobalSection(ProjectConfigurationPlatforms) = postSolution
		{77F0E2B8-D471-4563-BBDD-F072C3AAD830}.Debug|Any CPU.ActiveCfg = Debug|Any CPU
		{77F0E2B8-D471-4563-BBDD-F072C3AAD830}.Debug|Any CPU.Build.0 = Debug|Any CPU
		{77F0E2B8-D471-4563-BBDD-F072C3AAD830}.Release|Any CPU.ActiveCfg = Release|Any CPU
		{77F0E2B8-D471-4563-BBDD-F072C3AAD830}.Release|Any CPU.Build.0 = Release|Any CPU
		{7EEAC556-E31E-4CAC-9DFC-E277887BB57C}.Debug|Any CPU.ActiveCfg = Debug|Any CPU
		{7EEAC556-E31E-4CAC-9DFC-E277887BB57C}.Debug|Any CPU.Build.0 = Debug|Any CPU
		{7EEAC556-E31E-4CAC-9DFC-E277887BB57C}.Release|Any CPU.ActiveCfg = Release|Any CPU
		{7EEAC556-E31E-4CAC-9DFC-E277887BB57C}.Release|Any CPU.Build.0 = Release|Any CPU
		{737B8518-C245-4354-8D9C-F4C747AA66EA}.Debug|Any CPU.ActiveCfg = Debug|Any CPU
		{737B8518-C245-4354-8D9C-F4C747AA66EA}.Debug|Any CPU.Build.0 = Debug|Any CPU
		{737B8518-C245-4354-8D9C-F4C747AA66EA}.Release|Any CPU.ActiveCfg = Release|Any CPU
		{737B8518-C245-4354-8D9C-F4C747AA66EA}.Release|Any CPU.Build.0 = Release|Any CPU
		{3339A32E-CB5B-4D1A-A40C-E592CEC9A128}.Debug|Any CPU.ActiveCfg = Debug|Any CPU
		{3339A32E-CB5B-4D1A-A40C-E592CEC9A128}.Debug|Any CPU.Build.0 = Debug|Any CPU
		{3339A32E-CB5B-4D1A-A40C-E592CEC9A128}.Release|Any CPU.ActiveCfg = Release|Any CPU
		{3339A32E-CB5B-4D1A-A40C-E592CEC9A128}.Release|Any CPU.Build.0 = Release|Any CPU
		{E3DCC9D1-7F74-46A3-9C1B-13096331222B}.Debug|Any CPU.ActiveCfg = Debug|Any CPU
		{E3DCC9D1-7F74-46A3-9C1B-13096331222B}.Debug|Any CPU.Build.0 = Debug|Any CPU
		{E3DCC9D1-7F74-46A3-9C1B-13096331222B}.Release|Any CPU.ActiveCfg = Release|Any CPU
		{E3DCC9D1-7F74-46A3-9C1B-13096331222B}.Release|Any CPU.Build.0 = Release|Any CPU
		{4D9367A1-B630-45A7-BBB3-C7DB0F27177F}.Debug|Any CPU.ActiveCfg = Debug|Any CPU
		{4D9367A1-B630-45A7-BBB3-C7DB0F27177F}.Debug|Any CPU.Build.0 = Debug|Any CPU
		{4D9367A1-B630-45A7-BBB3-C7DB0F27177F}.Release|Any CPU.ActiveCfg = Release|Any CPU
		{4D9367A1-B630-45A7-BBB3-C7DB0F27177F}.Release|Any CPU.Build.0 = Release|Any CPU
		{6C2E0E98-378E-430E-8FED-AC69DC04EE90}.Debug|Any CPU.ActiveCfg = Debug|Any CPU
		{6C2E0E98-378E-430E-8FED-AC69DC04EE90}.Debug|Any CPU.Build.0 = Debug|Any CPU
		{6C2E0E98-378E-430E-8FED-AC69DC04EE90}.Release|Any CPU.ActiveCfg = Release|Any CPU
		{6C2E0E98-378E-430E-8FED-AC69DC04EE90}.Release|Any CPU.Build.0 = Release|Any CPU
		{186C0776-88F9-4C9A-82FE-CB13A48CC36C}.Debug|Any CPU.ActiveCfg = Debug|Any CPU
		{186C0776-88F9-4C9A-82FE-CB13A48CC36C}.Debug|Any CPU.Build.0 = Debug|Any CPU
		{186C0776-88F9-4C9A-82FE-CB13A48CC36C}.Release|Any CPU.ActiveCfg = Release|Any CPU
		{186C0776-88F9-4C9A-82FE-CB13A48CC36C}.Release|Any CPU.Build.0 = Release|Any CPU
		{F9EEB128-ED88-48F4-8031-0333226B0B7C}.Debug|Any CPU.ActiveCfg = Debug|Any CPU
		{F9EEB128-ED88-48F4-8031-0333226B0B7C}.Debug|Any CPU.Build.0 = Debug|Any CPU
		{F9EEB128-ED88-48F4-8031-0333226B0B7C}.Release|Any CPU.ActiveCfg = Release|Any CPU
		{F9EEB128-ED88-48F4-8031-0333226B0B7C}.Release|Any CPU.Build.0 = Release|Any CPU
	EndGlobalSection
EndGlobal
